
Microsoft Visual Studio Solution File, Format Version 12.00
# Visual Studio Version 17
VisualStudioVersion = 17.14.36221.1
MinimumVisualStudioVersion = 10.0.40219.1
Project("{FAE04EC0-301F-11D3-BF4B-00C04F79EFBC}") = "Aerolínea", "Aerolínea.csproj", "{6FC64A7A-3331-47E8-8F2F-045C0645F59C}"
EndProject
Global
	GlobalSection(SolutionConfigurationPlatforms) = preSolution
		Debug|Any CPU = Debug|Any CPU
		Release|Any CPU = Release|Any CPU
	EndGlobalSection
	GlobalSection(ProjectConfigurationPlatforms) = postSolution
		{6FC64A7A-3331-47E8-8F2F-045C0645F59C}.Debug|Any CPU.ActiveCfg = Debug|Any CPU
		{6FC64A7A-3331-47E8-8F2F-045C0645F59C}.Debug|Any CPU.Build.0 = Debug|Any CPU
		{6FC64A7A-3331-47E8-8F2F-045C0645F59C}.Release|Any CPU.ActiveCfg = Release|Any CPU
		{6FC64A7A-3331-47E8-8F2F-045C0645F59C}.Release|Any CPU.Build.0 = Release|Any CPU
	EndGlobalSection
	GlobalSection(SolutionProperties) = preSolution
		HideSolutionNode = FALSE
	EndGlobalSection
	GlobalSection(ExtensibilityGlobals) = postSolution
		SolutionGuid = {99ADEFE6-CDF8-43C2-8571-F64CC9C10A3A}
	EndGlobalSection
EndGlobal
